PODS:
  - Alamofire (5.8.1)
  - SDWebImage (5.18.10):
    - SDWebImage/Core (= 5.18.10)
  - SDWebImage/Core (5.18.10)
  - SwiftDate (7.0.0)
  - SwiftyJSON (4.3.0)

DEPENDENCIES:
  - Alamofire (~> 5.8)
  - SDWebImage (~> 5.0)
  - SwiftDate (~> 7.0.0)
  - SwiftyJSON (~> 4.0)

SPEC REPOS:
  trunk:
    - Alamofire
    - SDWebImage
    - SwiftDate
    - SwiftyJSON

SPEC CHECKSUMS:
  Alamofire: 3ca42e259043ee0dc5c0cdd76c4bc568b8e42af7
  SDWebImage: fc8f2d48bbfd72ef39d70e981bd24a3f3be53fec
  SwiftDate: bbc26e26fc8c0c33fbee8c140c5e8a68293a148a
  SwiftyJSON: 6faa0040f8b59dead0ee07436cbf76b73c08fd08

PODFILE CHECKSUM: d0c4f0ae04d2b18b61a1310d9d93670f17833b97

COCOAPODS: 1.14.2
